
Microsoft Visual Studio Solution File, Format Version 12.00
# Visual Studio Version 16
VisualStudioVersion = 16.0.29326.143
MinimumVisualStudioVersion = 15.0.26124.0
Project("{9A19103F-16F7-4668-BE54-9A1E7A4F7556}") = "NLayersApp.CQRS", "NLayersApp.CQRS\NLayersApp.CQRS.csproj", "{A65BCCA9-A5CA-4995-821E-01DB9CAE2391}"
EndProject
Project("{9A19103F-16F7-4668-BE54-9A1E7A4F7556}") = "NLayersApp.CQRS.Tests", "NLayersApp.CQRS.Tests\NLayersApp.CQRS.Tests.csproj", "{2DE2F477-73B5-4707-B575-EE71961B9057}"
EndProject
Global
	GlobalSection(SolutionConfigurationPlatforms) = preSolution
		Debug|Any CPU = Debug|Any CPU
		Debug|x64 = Debug|x64
		Debug|x86 = Debug|x86
		Release|Any CPU = Release|Any CPU
		Release|x64 = Release|x64
		Release|x86 = Release|x86
	EndGlobalSection
	GlobalSection(ProjectConfigurationPlatforms) = postSolution
		{A65BCCA9-A5CA-4995-821E-01DB9CAE2391}.Debug|Any CPU.ActiveCfg = Debug|Any CPU
		{A65BCCA9-A5CA-4995-821E-01DB9CAE2391}.Debug|Any CPU.Build.0 = Debug|Any CPU
		{A65BCCA9-A5CA-4995-821E-01DB9CAE2391}.Debug|x64.ActiveCfg = Debug|Any CPU
		{A65BCCA9-A5CA-4995-821E-01DB9CAE2391}.Debug|x64.Build.0 = Debug|Any CPU
		{A65BCCA9-A5CA-4995-821E-01DB9CAE2391}.Debug|x86.ActiveCfg = Debug|Any CPU
		{A65BCCA9-A5CA-4995-821E-01DB9CAE2391}.Debug|x86.Build.0 = Debug|Any CPU
		{A65BCCA9-A5CA-4995-821E-01DB9CAE2391}.Release|Any CPU.ActiveCfg = Release|Any CPU
		{A65BCCA9-A5CA-4995-821E-01DB9CAE2391}.Release|Any CPU.Build.0 = Release|Any CPU
		{A65BCCA9-A5CA-4995-821E-01DB9CAE2391}.Release|x64.ActiveCfg = Release|Any CPU
		{A65BCCA9-A5CA-4995-821E-01DB9CAE2391}.Release|x64.Build.0 = Release|Any CPU
		{A65BCCA9-A5CA-4995-821E-01DB9CAE2391}.Release|x86.ActiveCfg = Release|Any CPU
		{A65BCCA9-A5CA-4995-821E-01DB9CAE2391}.Release|x86.Build.0 = Release|Any CPU
		{2DE2F477-73B5-4707-B575-EE71961B9057}.Debug|Any CPU.ActiveCfg = Debug|Any CPU
		{2DE2F477-73B5-4707-B575-EE71961B9057}.Debug|Any CPU.Build.0 = Debug|Any CPU
		{2DE2F477-73B5-4707-B575-EE71961B9057}.Debug|x64.ActiveCfg = Debug|Any CPU
		{2DE2F477-73B5-4707-B575-EE71961B9057}.Debug|x64.Build.0 = Debug|Any CPU
		{2DE2F477-73B5-4707-B575-EE71961B9057}.Debug|x86.ActiveCfg = Debug|Any CPU
		{2DE2F477-73B5-4707-B575-EE71961B9057}.Debug|x86.Build.0 = Debug|Any CPU
		{2DE2F477-73B5-4707-B575-EE71961B9057}.Release|Any CPU.ActiveCfg = Release|Any CPU
		{2DE2F477-73B5-4707-B575-EE71961B9057}.Release|Any CPU.Build.0 = Release|Any CPU
		{2DE2F477-73B5-4707-B575-EE71961B9057}.Release|x64.ActiveCfg = Release|Any CPU
		{2DE2F477-73B5-4707-B575-EE71961B9057}.Release|x64.Build.0 = Release|Any CPU
		{2DE2F477-73B5-4707-B575-EE71961B9057}.Release|x86.ActiveCfg = Release|Any CPU
		{2DE2F477-73B5-4707-B575-EE71961B9057}.Release|x86.Build.0 = Release|Any CPU
	EndGlobalSection
	GlobalSection(SolutionProperties) = preSolution
		HideSolutionNode = FALSE
	EndGlobalSection
	GlobalSection(ExtensibilityGlobals) = postSolution
		SolutionGuid = {185B1FB2-E370-4C82-8529-3F69F69266E4}
	EndGlobalSection
EndGlobal
